
Microsoft Visual Studio Solution File, Format Version 12.00
Project("{FAE04EC0-301F-11D3-BF4B-00C04F79EFBC}") = "WPFTestDesign", "WPFTestDesign.csproj", "{77EC2670-252D-4777-9C40-22541E2D6423}"
EndProject
Global
	GlobalSection(SolutionConfigurationPlatforms) = preSolution
		Debug|Any CPU = Debug|Any CPU
		Release|Any CPU = Release|Any CPU
	EndGlobalSection
	GlobalSection(ProjectConfigurationPlatforms) = postSolution
		{77EC2670-252D-4777-9C40-22541E2D6423}.Debug|Any CPU.ActiveCfg = Debug|Any CPU
		{77EC2670-252D-4777-9C40-22541E2D6423}.Debug|Any CPU.Build.0 = Debug|Any CPU
		{77EC2670-252D-4777-9C40-22541E2D6423}.Release|Any CPU.ActiveCfg = Release|Any CPU
		{77EC2670-252D-4777-9C40-22541E2D6423}.Release|Any CPU.Build.0 = Release|Any CPU
	EndGlobalSection
EndGlobal
